
Microsoft Visual Studio Solution File, Format Version 12.00
# Visual Studio Version 16
VisualStudioVersion = 16.0.31729.503
MinimumVisualStudioVersion = 10.0.40219.1
Project("{FAE04EC0-301F-11D3-BF4B-00C04F79EFBC}") = "Bienes Raices HAXA", "Bienes Raices HAXA.csproj", "{5FCD6708-C5FB-41B2-87F4-290C71660814}"
EndProject
Project("{FAE04EC0-301F-11D3-BF4B-00C04F79EFBC}") = "Bienes Raices HAXA.Tests", "..\Bienes Raices HAXA.Tests\Bienes Raices HAXA.Tests.csproj", "{F4B2211C-A051-4AEA-BD93-7266B9D9B187}"
EndProject
Global
	GlobalSection(SolutionConfigurationPlatforms) = preSolution
		Debug|Any CPU = Debug|Any CPU
		Release|Any CPU = Release|Any CPU
	EndGlobalSection
	GlobalSection(ProjectConfigurationPlatforms) = postSolution
		{5FCD6708-C5FB-41B2-87F4-290C71660814}.Debug|Any CPU.ActiveCfg = Debug|Any CPU
		{5FCD6708-C5FB-41B2-87F4-290C71660814}.Debug|Any CPU.Build.0 = Debug|Any CPU
		{5FCD6708-C5FB-41B2-87F4-290C71660814}.Release|Any CPU.ActiveCfg = Release|Any CPU
		{5FCD6708-C5FB-41B2-87F4-290C71660814}.Release|Any CPU.Build.0 = Release|Any CPU
		{F4B2211C-A051-4AEA-BD93-7266B9D9B187}.Debug|Any CPU.ActiveCfg = Debug|Any CPU
		{F4B2211C-A051-4AEA-BD93-7266B9D9B187}.Debug|Any CPU.Build.0 = Debug|Any CPU
		{F4B2211C-A051-4AEA-BD93-7266B9D9B187}.Release|Any CPU.ActiveCfg = Release|Any CPU
		{F4B2211C-A051-4AEA-BD93-7266B9D9B187}.Release|Any CPU.Build.0 = Release|Any CPU
	EndGlobalSection
	GlobalSection(SolutionProperties) = preSolution
		HideSolutionNode = FALSE
	EndGlobalSection
	GlobalSection(ExtensibilityGlobals) = postSolution
		SolutionGuid = {A59C5BB5-4F76-4348-B4F0-37056242B9FE}
	EndGlobalSection
EndGlobal
